
Microsoft Visual Studio Solution File, Format Version 12.00
# Visual Studio Version 16
VisualStudioVersion = 16.0.30503.244
MinimumVisualStudioVersion = 10.0.40219.1
Project("{FAE04EC0-301F-11D3-BF4B-00C04F79EFBC}") = "UsmanKhan_Midterm", "UsmanKhan_Midterm\UsmanKhan_Midterm.csproj", "{A1A12C09-8854-4F5E-84B4-3857388227D7}"
EndProject
Global
	GlobalSection(SolutionConfigurationPlatforms) = preSolution
		Debug|Any CPU = Debug|Any CPU
		Release|Any CPU = Release|Any CPU
	EndGlobalSection
	GlobalSection(ProjectConfigurationPlatforms) = postSolution
		{A1A12C09-8854-4F5E-84B4-3857388227D7}.Debug|Any CPU.ActiveCfg = Debug|Any CPU
		{A1A12C09-8854-4F5E-84B4-3857388227D7}.Debug|Any CPU.Build.0 = Debug|Any CPU
		{A1A12C09-8854-4F5E-84B4-3857388227D7}.Release|Any CPU.ActiveCfg = Release|Any CPU
		{A1A12C09-8854-4F5E-84B4-3857388227D7}.Release|Any CPU.Build.0 = Release|Any CPU
	EndGlobalSection
	GlobalSection(SolutionProperties) = preSolution
		HideSolutionNode = FALSE
	EndGlobalSection
	GlobalSection(ExtensibilityGlobals) = postSolution
		SolutionGuid = {B328ED20-8EA8-45AE-94B3-4058D73C72D3}
	EndGlobalSection
EndGlobal
